// !$*UTF8*$!
{
	archiveVersion = 1;
	classes = {
	};
	objectVersion = 70;
	objects = {

/* Begin PBXBuildFile section */
		061710E6297E33EE00EF7017 /* DetailModel.swift in Sources */ = {isa = PBXBuildFile; fileRef = 061710E5297E33EE00EF7017 /* DetailModel.swift */; };
		061710E8297FC4B700EF7017 /* TrackingModel.swift in Sources */ = {isa = PBXBuildFile; fileRef = 061710E7297FC4B700EF7017 /* TrackingModel.swift */; };
		0617111E2983BD9600EF7017 /* TrackinModelInApp.swift in Sources */ = {isa = PBXBuildFile; fileRef = 0617111D2983BD9600EF7017 /* TrackinModelInApp.swift */; };
		064342162CF7FBB800C702B1 /* Localizable.strings in Resources */ = {isa = PBXBuildFile; fileRef = 064342142CF7FBB800C702B1 /* Localizable.strings */; };
		0645414C2D140241006F920E /* Strings+Generated.swift in Sources */ = {isa = PBXBuildFile; fileRef = 0645414B2D140241006F920E /* Strings+Generated.swift */; };
		068225CE2978D1E400281CFE /* SearchGameList.swift in Sources */ = {isa = PBXBuildFile; fileRef = 068225CD2978D1E400281CFE /* SearchGameList.swift */; };
		068225D12978D36C00281CFE /* NetworkService.swift in Sources */ = {isa = PBXBuildFile; fileRef = 068225D02978D36C00281CFE /* NetworkService.swift */; };
		0691C6522977D71000295B34 /* AppDelegate.swift in Sources */ = {isa = PBXBuildFile; fileRef = 0691C6512977D71000295B34 /* AppDelegate.swift */; };
		0691C6542977D71000295B34 /* SceneDelegate.swift in Sources */ = {isa = PBXBuildFile; fileRef = 0691C6532977D71000295B34 /* SceneDelegate.swift */; };
		0691C6562977D71000295B34 /* TrackingViewController.swift in Sources */ = {isa = PBXBuildFile; fileRef = 0691C6552977D71000295B34 /* TrackingViewController.swift */; };
		0691C6592977D71000295B34 /* Main.storyboard in Resources */ = {isa = PBXBuildFile; fileRef = 0691C6572977D71000295B34 /* Main.storyboard */; };
		0691C65C2977D71000295B34 /* PriceTracker.xcdatamodeld in Sources */ = {isa = PBXBuildFile; fileRef = 0691C65A2977D71000295B34 /* PriceTracker.xcdatamodeld */; };
		0691C65E2977D71100295B34 /* Assets.xcassets in Resources */ = {isa = PBXBuildFile; fileRef = 0691C65D2977D71100295B34 /* Assets.xcassets */; };
		0691C66C2977D71100295B34 /* PriceTrackerTests.swift in Sources */ = {isa = PBXBuildFile; fileRef = 0691C66B2977D71100295B34 /* PriceTrackerTests.swift */; };
		0691C6762977D71100295B34 /* PriceTrackerUITests.swift in Sources */ = {isa = PBXBuildFile; fileRef = 0691C6752977D71100295B34 /* PriceTrackerUITests.swift */; };
		0691C6782977D71100295B34 /* PriceTrackerUITestsLaunchTests.swift in Sources */ = {isa = PBXBuildFile; fileRef = 0691C6772977D71100295B34 /* PriceTrackerUITestsLaunchTests.swift */; };
		0691C6852977DB5F00295B34 /* SearchViewController.swift in Sources */ = {isa = PBXBuildFile; fileRef = 0691C6842977DB5F00295B34 /* SearchViewController.swift */; };
		06C0CFD62CEB24FE00CD9A1E /* ErrorMessage.swift in Sources */ = {isa = PBXBuildFile; fileRef = 06C0CFD52CEB24FE00CD9A1E /* ErrorMessage.swift */; };
		06DC7FA62D0A8EEB00695285 /* TrackingInfoRepository.swift in Sources */ = {isa = PBXBuildFile; fileRef = 06DC7FA52D0A8EEB00695285 /* TrackingInfoRepository.swift */; };
		06DC7FA82D0A901100695285 /* TrackingInfoService.swift in Sources */ = {isa = PBXBuildFile; fileRef = 06DC7FA72D0A901100695285 /* TrackingInfoService.swift */; };
		40A6D2AF2CD6112E00F8F33A /* NetworkClient.swift in Sources */ = {isa = PBXBuildFile; fileRef = 40A6D2AE2CD6112E00F8F33A /* NetworkClient.swift */; };
		40A6D2B22CD6116E00F8F33A /* GameRepository.swift in Sources */ = {isa = PBXBuildFile; fileRef = 40A6D2B12CD6116E00F8F33A /* GameRepository.swift */; };
		49C32B10DB2CDF1D5FDE101E /* Pods_PriceTrackerTests.framework in Frameworks */ = {isa = PBXBuildFile; fileRef = F141B4BD03A3C38A26648D4A /* Pods_PriceTrackerTests.framework */; };
		CB13FB24CBE4727F9321FB1E /* Pods_PriceTracker_PriceTrackerUITests.framework in Frameworks */ = {isa = PBXBuildFile; fileRef = 923E2C9D582C06BC96372769 /* Pods_PriceTracker_PriceTrackerUITests.framework */; };
/* End PBXBuildFile section */

/* Begin PBXContainerItemProxy section */
		0691C6682977D71100295B34 /* PBXContainerItemProxy */ = {
			isa = PBXContainerItemProxy;
			containerPortal = 0691C6462977D71000295B34 /* Project object */;
			proxyType = 1;
			remoteGlobalIDString = 0691C64D2977D71000295B34;
			remoteInfo = PriceTracker;
		};
		0691C6722977D71100295B34 /* PBXContainerItemProxy */ = {
			isa = PBXContainerItemProxy;
			containerPortal = 0691C6462977D71000295B34 /* Project object */;
			proxyType = 1;
			remoteGlobalIDString = 0691C64D2977D71000295B34;
			remoteInfo = PriceTracker;
		};
/* End PBXContainerItemProxy section */

/* Begin PBXFileReference section */
		061710E5297E33EE00EF7017 /* DetailModel.swift */ = {isa = PBXFileReference; lastKnownFileType = sourcecode.swift; path = DetailModel.swift; sourceTree = "<group>"; };
		061710E7297FC4B700EF7017 /* TrackingModel.swift */ = {isa = PBXFileReference; lastKnownFileType = sourcecode.swift; path = TrackingModel.swift; sourceTree = "<group>"; };
		0617111D2983BD9600EF7017 /* TrackinModelInApp.swift */ = {isa = PBXFileReference; lastKnownFileType = sourcecode.swift; path = TrackinModelInApp.swift; sourceTree = "<group>"; };
		064342152CF7FBB800C702B1 /* en */ = {isa = PBXFileReference; lastKnownFileType = text.plist.strings; name = en; path = en.lproj/Localizable.strings; sourceTree = "<group>"; };
		0645414B2D140241006F920E /* Strings+Generated.swift */ = {isa = PBXFileReference; lastKnownFileType = sourcecode.swift; path = "Strings+Generated.swift"; sourceTree = "<group>"; };
		068225CD2978D1E400281CFE /* SearchGameList.swift */ = {isa = PBXFileReference; lastKnownFileType = sourcecode.swift; path = SearchGameList.swift; sourceTree = "<group>"; };
		068225D02978D36C00281CFE /* NetworkService.swift */ = {isa = PBXFileReference; lastKnownFileType = sourcecode.swift; path = NetworkService.swift; sourceTree = "<group>"; };
		0691C64E2977D71000295B34 /* PriceTracker.app */ = {isa = PBXFileReference; explicitFileType = wrapper.application; includeInIndex = 0; path = PriceTracker.app; sourceTree = BUILT_PRODUCTS_DIR; };
		0691C6512977D71000295B34 /* AppDelegate.swift */ = {isa = PBXFileReference; lastKnownFileType = sourcecode.swift; path = AppDelegate.swift; sourceTree = "<group>"; };
		0691C6532977D71000295B34 /* SceneDelegate.swift */ = {isa = PBXFileReference; lastKnownFileType = sourcecode.swift; path = SceneDelegate.swift; sourceTree = "<group>"; };
		0691C6552977D71000295B34 /* TrackingViewController.swift */ = {isa = PBXFileReference; lastKnownFileType = sourcecode.swift; path = TrackingViewController.swift; sourceTree = "<group>"; };
		0691C6582977D71000295B34 /* Base */ = {isa = PBXFileReference; lastKnownFileType = file.storyboard; name = Base; path = Base.lproj/Main.storyboard; sourceTree = "<group>"; };
		0691C65B2977D71000295B34 /* PriceTracker.xcdatamodel */ = {isa = PBXFileReference; lastKnownFileType = wrapper.xcdatamodel; path = PriceTracker.xcdatamodel; sourceTree = "<group>"; };
		0691C65D2977D71100295B34 /* Assets.xcassets */ = {isa = PBXFileReference; lastKnownFileType = folder.assetcatalog; path = Assets.xcassets; sourceTree = "<group>"; };
		0691C6622977D71100295B34 /* Info.plist */ = {isa = PBXFileReference; lastKnownFileType = text.plist.xml; path = Info.plist; sourceTree = "<group>"; };
		0691C6672977D71100295B34 /* PriceTrackerTests.xctest */ = {isa = PBXFileReference; explicitFileType = wrapper.cfbundle; includeInIndex = 0; path = PriceTrackerTests.xctest; sourceTree = BUILT_PRODUCTS_DIR; };
		0691C66B2977D71100295B34 /* PriceTrackerTests.swift */ = {isa = PBXFileReference; lastKnownFileType = sourcecode.swift; path = PriceTrackerTests.swift; sourceTree = "<group>"; };
		0691C6712977D71100295B34 /* PriceTrackerUITests.xctest */ = {isa = PBXFileReference; explicitFileType = wrapper.cfbundle; includeInIndex = 0; path = PriceTrackerUITests.xctest; sourceTree = BUILT_PRODUCTS_DIR; };
		0691C6752977D71100295B34 /* PriceTrackerUITests.swift */ = {isa = PBXFileReference; lastKnownFileType = sourcecode.swift; path = PriceTrackerUITests.swift; sourceTree = "<group>"; };
		0691C6772977D71100295B34 /* PriceTrackerUITestsLaunchTests.swift */ = {isa = PBXFileReference; lastKnownFileType = sourcecode.swift; path = PriceTrackerUITestsLaunchTests.swift; sourceTree = "<group>"; };
		0691C6842977DB5F00295B34 /* SearchViewController.swift */ = {isa = PBXFileReference; lastKnownFileType = sourcecode.swift; path = SearchViewController.swift; sourceTree = "<group>"; };
		06C0CFD52CEB24FE00CD9A1E /* ErrorMessage.swift */ = {isa = PBXFileReference; lastKnownFileType = sourcecode.swift; path = ErrorMessage.swift; sourceTree = "<group>"; };
		06DC7FA52D0A8EEB00695285 /* TrackingInfoRepository.swift */ = {isa = PBXFileReference; lastKnownFileType = sourcecode.swift; path = TrackingInfoRepository.swift; sourceTree = "<group>"; };
		06DC7FA72D0A901100695285 /* TrackingInfoService.swift */ = {isa = PBXFileReference; lastKnownFileType = sourcecode.swift; path = TrackingInfoService.swift; sourceTree = "<group>"; };
		40A6D2AE2CD6112E00F8F33A /* NetworkClient.swift */ = {isa = PBXFileReference; lastKnownFileType = sourcecode.swift; path = NetworkClient.swift; sourceTree = "<group>"; };
		40A6D2B12CD6116E00F8F33A /* GameRepository.swift */ = {isa = PBXFileReference; lastKnownFileType = sourcecode.swift; path = GameRepository.swift; sourceTree = "<group>"; };
		923E2C9D582C06BC96372769 /* Pods_PriceTracker_PriceTrackerUITests.framework */ = {isa = PBXFileReference; explicitFileType = wrapper.framework; includeInIndex = 0; path = Pods_PriceTracker_PriceTrackerUITests.framework; sourceTree = BUILT_PRODUCTS_DIR; };
		945D008A7A2CD683C7CAD58C /* Pods_PriceTracker.framework */ = {isa = PBXFileReference; explicitFileType = wrapper.framework; includeInIndex = 0; path = Pods_PriceTracker.framework; sourceTree = BUILT_PRODUCTS_DIR; };
		F141B4BD03A3C38A26648D4A /* Pods_PriceTrackerTests.framework */ = {isa = PBXFileReference; explicitFileType = wrapper.framework; includeInIndex = 0; path = Pods_PriceTrackerTests.framework; sourceTree = BUILT_PRODUCTS_DIR; };
/* End PBXFileReference section */

/* Begin PBXFileSystemSynchronizedRootGroup section */
		063BEF8B2CD8D92D00FE793E /* ViewModels */ = {isa = PBXFileSystemSynchronizedRootGroup; explicitFileTypes = {}; explicitFolders = (); path = ViewModels; sourceTree = "<group>"; };
		06C0CFD72CEB370D00CD9A1E /* Enums */ = {isa = PBXFileSystemSynchronizedRootGroup; explicitFileTypes = {}; explicitFolders = (); path = Enums; sourceTree = "<group>"; };
		06F13DBD2CD8B91700BF19D3 /* Views */ = {isa = PBXFileSystemSynchronizedRootGroup; explicitFileTypes = {}; explicitFolders = (); path = Views; sourceTree = "<group>"; };
/* End PBXFileSystemSynchronizedRootGroup section */

/* Begin PBXFrameworksBuildPhase section */
		0691C6642977D71100295B34 /* Frameworks */ = {
			isa = PBXFrameworksBuildPhase;
			buildActionMask = 2147483647;
			files = (
				49C32B10DB2CDF1D5FDE101E /* Pods_PriceTrackerTests.framework in Frameworks */,
			);
			runOnlyForDeploymentPostprocessing = 0;
		};
		0691C66E2977D71100295B34 /* Frameworks */ = {
			isa = PBXFrameworksBuildPhase;
			buildActionMask = 2147483647;
			files = (
				CB13FB24CBE4727F9321FB1E /* Pods_PriceTracker_PriceTrackerUITests.framework in Frameworks */,
			);
			runOnlyForDeploymentPostprocessing = 0;
		};
/* End PBXFrameworksBuildPhase section */

/* Begin PBXGroup section */
		068225CC2978D1C000281CFE /* Model */ = {
			isa = PBXGroup;
			children = (
				068225CD2978D1E400281CFE /* SearchGameList.swift */,
				061710E5297E33EE00EF7017 /* DetailModel.swift */,
				061710E7297FC4B700EF7017 /* TrackingModel.swift */,
				0617111D2983BD9600EF7017 /* TrackinModelInApp.swift */,
				06C0CFD52CEB24FE00CD9A1E /* ErrorMessage.swift */,
			);
			path = Model;
			sourceTree = "<group>";
		};
		068225CF2978D35400281CFE /* Service */ = {
			isa = PBXGroup;
			children = (
				068225D02978D36C00281CFE /* NetworkService.swift */,
				06DC7FA72D0A901100695285 /* TrackingInfoService.swift */,
			);
			path = Service;
			sourceTree = "<group>";
		};
		0691C6452977D71000295B34 = {
			isa = PBXGroup;
			children = (
				0691C6502977D71000295B34 /* PriceTracker */,
				0691C66A2977D71100295B34 /* PriceTrackerTests */,
				0691C6742977D71100295B34 /* PriceTrackerUITests */,
				0691C64F2977D71000295B34 /* Products */,
				0D7F99D2C104827BC98B1F91 /* Frameworks */,
			);
			sourceTree = "<group>";
		};
		0691C64F2977D71000295B34 /* Products */ = {
			isa = PBXGroup;
			children = (
				0691C64E2977D71000295B34 /* PriceTracker.app */,
				0691C6672977D71100295B34 /* PriceTrackerTests.xctest */,
				0691C6712977D71100295B34 /* PriceTrackerUITests.xctest */,
			);
			name = Products;
			sourceTree = "<group>";
		};
		0691C6502977D71000295B34 /* PriceTracker */ = {
			isa = PBXGroup;
			children = (
				064342142CF7FBB800C702B1 /* Localizable.strings */,
				06C0CFD72CEB370D00CD9A1E /* Enums */,
				063BEF8B2CD8D92D00FE793E /* ViewModels */,
				06F13DBD2CD8B91700BF19D3 /* Views */,
				0691C68B2977DEAC00295B34 /* Delegate */,
				0691C6882977DC3700295B34 /* ViewController */,
				0691C6892977DC4E00295B34 /* Storyboard */,
				068225CC2978D1C000281CFE /* Model */,
				068225CF2978D35400281CFE /* Service */,
				40A6D2AD2CD6111800F8F33A /* Api */,
				40A6D2B02CD6115D00F8F33A /* Repository */,
				0691C65D2977D71100295B34 /* Assets.xcassets */,
				0645414B2D140241006F920E /* Strings+Generated.swift */,
				0691C6622977D71100295B34 /* Info.plist */,
				0691C65A2977D71000295B34 /* PriceTracker.xcdatamodeld */,
			);
			path = PriceTracker;
			sourceTree = "<group>";
		};
		0691C66A2977D71100295B34 /* PriceTrackerTests */ = {
			isa = PBXGroup;
			children = (
				0691C66B2977D71100295B34 /* PriceTrackerTests.swift */,
			);
			path = PriceTrackerTests;
			sourceTree = "<group>";
		};
		0691C6742977D71100295B34 /* PriceTrackerUITests */ = {
			isa = PBXGroup;
			children = (
				0691C6752977D71100295B34 /* PriceTrackerUITests.swift */,
				0691C6772977D71100295B34 /* PriceTrackerUITestsLaunchTests.swift */,
			);
			path = PriceTrackerUITests;
			sourceTree = "<group>";
		};
		0691C6882977DC3700295B34 /* ViewController */ = {
			isa = PBXGroup;
			children = (
				0691C6842977DB5F00295B34 /* SearchViewController.swift */,
				0691C6552977D71000295B34 /* TrackingViewController.swift */,
			);
			path = ViewController;
			sourceTree = "<group>";
		};
		0691C6892977DC4E00295B34 /* Storyboard */ = {
			isa = PBXGroup;
			children = (
				0691C6572977D71000295B34 /* Main.storyboard */,
			);
			path = Storyboard;
			sourceTree = "<group>";
		};
		0691C68B2977DEAC00295B34 /* Delegate */ = {
			isa = PBXGroup;
			children = (
				0691C6532977D71000295B34 /* SceneDelegate.swift */,
				0691C6512977D71000295B34 /* AppDelegate.swift */,
			);
			path = Delegate;
			sourceTree = "<group>";
		};
		0D7F99D2C104827BC98B1F91 /* Frameworks */ = {
			isa = PBXGroup;
			children = (
				945D008A7A2CD683C7CAD58C /* Pods_PriceTracker.framework */,
				923E2C9D582C06BC96372769 /* Pods_PriceTracker_PriceTrackerUITests.framework */,
				F141B4BD03A3C38A26648D4A /* Pods_PriceTrackerTests.framework */,
			);
			name = Frameworks;
			sourceTree = "<group>";
		};
		40A6D2AD2CD6111800F8F33A /* Api */ = {
			isa = PBXGroup;
			children = (
				40A6D2AE2CD6112E00F8F33A /* NetworkClient.swift */,
			);
			path = Api;
			sourceTree = "<group>";
		};
		40A6D2B02CD6115D00F8F33A /* Repository */ = {
			isa = PBXGroup;
			children = (
				40A6D2B12CD6116E00F8F33A /* GameRepository.swift */,
				06DC7FA52D0A8EEB00695285 /* TrackingInfoRepository.swift */,
			);
			path = Repository;
			sourceTree = "<group>";
		};
/* End PBXGroup section */

/* Begin PBXNativeTarget section */
		0691C64D2977D71000295B34 /* PriceTracker */ = {
			isa = PBXNativeTarget;
			buildConfigurationList = 0691C67B2977D71100295B34 /* Build configuration list for PBXNativeTarget "PriceTracker" */;
			buildPhases = (
				0691C64A2977D71000295B34 /* Sources */,
				0691C64C2977D71000295B34 /* Resources */,
			);
			buildRules = (
			);
			dependencies = (
				06ABB03B2CF855F50041C8DC /* PBXTargetDependency */,
			);
			fileSystemSynchronizedGroups = (
				063BEF8B2CD8D92D00FE793E /* ViewModels */,
				06C0CFD72CEB370D00CD9A1E /* Enums */,
				06F13DBD2CD8B91700BF19D3 /* Views */,
			);
			name = PriceTracker;
			productName = PriceTracker;
			productReference = 0691C64E2977D71000295B34 /* PriceTracker.app */;
			productType = "com.apple.product-type.application";
		};
		0691C6662977D71100295B34 /* PriceTrackerTests */ = {
			isa = PBXNativeTarget;
			buildConfigurationList = 0691C67E2977D71100295B34 /* Build configuration list for PBXNativeTarget "PriceTrackerTests" */;
			buildPhases = (
				F2849B379124C4781A4BE18B /* [CP] Check Pods Manifest.lock */,
				0691C6632977D71100295B34 /* Sources */,
				0691C6642977D71100295B34 /* Frameworks */,
				0691C6652977D71100295B34 /* Resources */,
			);
			buildRules = (
			);
			dependencies = (
				0691C6692977D71100295B34 /* PBXTargetDependency */,
			);
			name = PriceTrackerTests;
			productName = PriceTrackerTests;
			productReference = 0691C6672977D71100295B34 /* PriceTrackerTests.xctest */;
			productType = "com.apple.product-type.bundle.unit-test";
		};
		0691C6702977D71100295B34 /* PriceTrackerUITests */ = {
			isa = PBXNativeTarget;
			buildConfigurationList = 0691C6812977D71100295B34 /* Build configuration list for PBXNativeTarget "PriceTrackerUITests" */;
			buildPhases = (
				7E5281E2A0C60E910B519EB9 /* [CP] Check Pods Manifest.lock */,
				0691C66D2977D71100295B34 /* Sources */,
				0691C66E2977D71100295B34 /* Frameworks */,
				0691C66F2977D71100295B34 /* Resources */,
				03560CB1E1F376F04061114E /* [CP] Embed Pods Frameworks */,
			);
			buildRules = (
			);
			dependencies = (
				0691C6732977D71100295B34 /* PBXTargetDependency */,
			);
			name = PriceTrackerUITests;
			productName = PriceTrackerUITests;
			productReference = 0691C6712977D71100295B34 /* PriceTrackerUITests.xctest */;
			productType = "com.apple.product-type.bundle.ui-testing";
		};
/* End PBXNativeTarget section */

/* Begin PBXProject section */
		0691C6462977D71000295B34 /* Project object */ = {
			isa = PBXProject;
			attributes = {
				BuildIndependentTargetsInParallel = 1;
				LastSwiftUpdateCheck = 1410;
				LastUpgradeCheck = 1600;
				TargetAttributes = {
					0691C64D2977D71000295B34 = {
						CreatedOnToolsVersion = 14.1;
					};
					0691C6662977D71100295B34 = {
						CreatedOnToolsVersion = 14.1;
						TestTargetID = 0691C64D2977D71000295B34;
					};
					0691C6702977D71100295B34 = {
						CreatedOnToolsVersion = 14.1;
						TestTargetID = 0691C64D2977D71000295B34;
					};
				};
			};
			buildConfigurationList = 0691C6492977D71000295B34 /* Build configuration list for PBXProject "PriceTracker" */;
			compatibilityVersion = "Xcode 13.0";
			developmentRegion = en;
			hasScannedForEncodings = 0;
			knownRegions = (
				en,
				Base,
			);
			mainGroup = 0691C6452977D71000295B34;
			packageReferences = (
				06ABB0392CF855E40041C8DC /* XCRemoteSwiftPackageReference "SwiftLint" */,
			);
			productRefGroup = 0691C64F2977D71000295B34 /* Products */;
			projectDirPath = "";
			projectRoot = "";
			targets = (
				0691C64D2977D71000295B34 /* PriceTracker */,
				0691C6662977D71100295B34 /* PriceTrackerTests */,
				0691C6702977D71100295B34 /* PriceTrackerUITests */,
			);
		};
/* End PBXProject section */

/* Begin PBXResourcesBuildPhase section */
		0691C64C2977D71000295B34 /* Resources */ = {
			isa = PBXResourcesBuildPhase;
			buildActionMask = 2147483647;
			files = (
				0691C65E2977D71100295B34 /* Assets.xcassets in Resources */,
				064342162CF7FBB800C702B1 /* Localizable.strings in Resources */,
				0691C6592977D71000295B34 /* Main.storyboard in Resources */,
			);
			runOnlyForDeploymentPostprocessing = 0;
		};
		0691C6652977D71100295B34 /* Resources */ = {
			isa = PBXResourcesBuildPhase;
			buildActionMask = 2147483647;
			files = (
			);
			runOnlyForDeploymentPostprocessing = 0;
		};
		0691C66F2977D71100295B34 /* Resources */ = {
			isa = PBXResourcesBuildPhase;
			buildActionMask = 2147483647;
			files = (
			);
			runOnlyForDeploymentPostprocessing = 0;
		};
/* End PBXResourcesBuildPhase section */

/* Begin PBXShellScriptBuildPhase section */
		03560CB1E1F376F04061114E /* [CP] Embed Pods Frameworks */ = {
			isa = PBXShellScriptBuildPhase;
			buildActionMask = 2147483647;
			files = (
			);
			inputFileListPaths = (
				"${PODS_ROOT}/Target Support Files/Pods-PriceTracker-PriceTrackerUITests/Pods-PriceTracker-PriceTrackerUITests-frameworks-${CONFIGURATION}-input-files.xcfilelist",
			);
			name = "[CP] Embed Pods Frameworks";
			outputFileListPaths = (
				"${PODS_ROOT}/Target Support Files/Pods-PriceTracker-PriceTrackerUITests/Pods-PriceTracker-PriceTrackerUITests-frameworks-${CONFIGURATION}-output-files.xcfilelist",
			);
			runOnlyForDeploymentPostprocessing = 0;
			shellPath = /bin/sh;
			shellScript = "\"${PODS_ROOT}/Target Support Files/Pods-PriceTracker-PriceTrackerUITests/Pods-PriceTracker-PriceTrackerUITests-frameworks.sh\"\n";
			showEnvVarsInLog = 0;
		};
		7E5281E2A0C60E910B519EB9 /* [CP] Check Pods Manifest.lock */ = {
			isa = PBXShellScriptBuildPhase;
			buildActionMask = 2147483647;
			files = (
			);
			inputFileListPaths = (
			);
			inputPaths = (
				"${PODS_PODFILE_DIR_PATH}/Podfile.lock",
				"${PODS_ROOT}/Manifest.lock",
			);
			name = "[CP] Check Pods Manifest.lock";
			outputFileListPaths = (
			);
			outputPaths = (
				"$(DERIVED_FILE_DIR)/Pods-PriceTracker-PriceTrackerUITests-checkManifestLockResult.txt",
			);
			runOnlyForDeploymentPostprocessing = 0;
			shellPath = /bin/sh;
			shellScript = "diff \"${PODS_PODFILE_DIR_PATH}/Podfile.lock\" \"${PODS_ROOT}/Manifest.lock\" > /dev/null\nif [ $? != 0 ] ; then\n    # print error to STDERR\n    echo \"error: The sandbox is not in sync with the Podfile.lock. Run 'pod install' or update your CocoaPods installation.\" >&2\n    exit 1\nfi\n# This output is used by Xcode 'outputs' to avoid re-running this script phase.\necho \"SUCCESS\" > \"${SCRIPT_OUTPUT_FILE_0}\"\n";
			showEnvVarsInLog = 0;
		};
		F2849B379124C4781A4BE18B /* [CP] Check Pods Manifest.lock */ = {
			isa = PBXShellScriptBuildPhase;
			buildActionMask = 2147483647;
			files = (
			);
			inputFileListPaths = (
			);
			inputPaths = (
				"${PODS_PODFILE_DIR_PATH}/Podfile.lock",
				"${PODS_ROOT}/Manifest.lock",
			);
			name = "[CP] Check Pods Manifest.lock";
			outputFileListPaths = (
			);
			outputPaths = (
				"$(DERIVED_FILE_DIR)/Pods-PriceTrackerTests-checkManifestLockResult.txt",
			);
			runOnlyForDeploymentPostprocessing = 0;
			shellPath = /bin/sh;
			shellScript = "diff \"${PODS_PODFILE_DIR_PATH}/Podfile.lock\" \"${PODS_ROOT}/Manifest.lock\" > /dev/null\nif [ $? != 0 ] ; then\n    # print error to STDERR\n    echo \"error: The sandbox is not in sync with the Podfile.lock. Run 'pod install' or update your CocoaPods installation.\" >&2\n    exit 1\nfi\n# This output is used by Xcode 'outputs' to avoid re-running this script phase.\necho \"SUCCESS\" > \"${SCRIPT_OUTPUT_FILE_0}\"\n";
			showEnvVarsInLog = 0;
		};
/* End PBXShellScriptBuildPhase section */

/* Begin PBXSourcesBuildPhase section */
		0691C64A2977D71000295B34 /* Sources */ = {
			isa = PBXSourcesBuildPhase;
			buildActionMask = 2147483647;
			files = (
				0617111E2983BD9600EF7017 /* TrackinModelInApp.swift in Sources */,
				06C0CFD62CEB24FE00CD9A1E /* ErrorMessage.swift in Sources */,
				061710E6297E33EE00EF7017 /* DetailModel.swift in Sources */,
				06DC7FA82D0A901100695285 /* TrackingInfoService.swift in Sources */,
				0691C6852977DB5F00295B34 /* SearchViewController.swift in Sources */,
				068225D12978D36C00281CFE /* NetworkService.swift in Sources */,
				0691C65C2977D71000295B34 /* PriceTracker.xcdatamodeld in Sources */,
				0691C6562977D71000295B34 /* TrackingViewController.swift in Sources */,
				06DC7FA62D0A8EEB00695285 /* TrackingInfoRepository.swift in Sources */,
				40A6D2B22CD6116E00F8F33A /* GameRepository.swift in Sources */,
				0691C6522977D71000295B34 /* AppDelegate.swift in Sources */,
				40A6D2AF2CD6112E00F8F33A /* NetworkClient.swift in Sources */,
				061710E8297FC4B700EF7017 /* TrackingModel.swift in Sources */,
				0645414C2D140241006F920E /* Strings+Generated.swift in Sources */,
				068225CE2978D1E400281CFE /* SearchGameList.swift in Sources */,
				0691C6542977D71000295B34 /* SceneDelegate.swift in Sources */,
			);
			runOnlyForDeploymentPostprocessing = 0;
		};
		0691C6632977D71100295B34 /* Sources */ = {
			isa = PBXSourcesBuildPhase;
			buildActionMask = 2147483647;
			files = (
				0691C66C2977D71100295B34 /* PriceTrackerTests.swift in Sources */,
			);
			runOnlyForDeploymentPostprocessing = 0;
		};
		0691C66D2977D71100295B34 /* Sources */ = {
			isa = PBXSourcesBuildPhase;
			buildActionMask = 2147483647;
			files = (
				0691C6762977D71100295B34 /* PriceTrackerUITests.swift in Sources */,
				0691C6782977D71100295B34 /* PriceTrackerUITestsLaunchTests.swift in Sources */,
			);
			runOnlyForDeploymentPostprocessing = 0;
		};
/* End PBXSourcesBuildPhase section */

/* Begin PBXTargetDependency section */
		0691C6692977D71100295B34 /* PBXTargetDependency */ = {
			isa = PBXTargetDependency;
			target = 0691C64D2977D71000295B34 /* PriceTracker */;
			targetProxy = 0691C6682977D71100295B34 /* PBXContainerItemProxy */;
		};
		0691C6732977D71100295B34 /* PBXTargetDependency */ = {
			isa = PBXTargetDependency;
			target = 0691C64D2977D71000295B34 /* PriceTracker */;
			targetProxy = 0691C6722977D71100295B34 /* PBXContainerItemProxy */;
		};
		06ABB03B2CF855F50041C8DC /* PBXTargetDependency */ = {
			isa = PBXTargetDependency;
			productRef = 06ABB03A2CF855F50041C8DC /* SwiftLintBuildToolPlugin */;
		};
/* End PBXTargetDependency section */

/* Begin PBXVariantGroup section */
		064342142CF7FBB800C702B1 /* Localizable.strings */ = {
			isa = PBXVariantGroup;
			children = (
				064342152CF7FBB800C702B1 /* en */,
			);
			name = Localizable.strings;
			sourceTree = "<group>";
		};
		0691C6572977D71000295B34 /* Main.storyboard */ = {
			isa = PBXVariantGroup;
			children = (
				0691C6582977D71000295B34 /* Base */,
			);
			name = Main.storyboard;
			sourceTree = "<group>";
		};
/* End PBXVariantGroup section */

/* Begin XCBuildConfiguration section */
		0691C6792977D71100295B34 /* Debug */ = {
			isa = XCBuildConfiguration;
			buildSettings = {
				ALWAYS_SEARCH_USER_PATHS = NO;
				CLANG_ANALYZER_LOCALIZABILITY_NONLOCALIZED = YES;
				CLANG_ANALYZER_NONNULL = YES;
				CLANG_ANALYZER_NUMBER_OBJECT_CONVERSION = YES_AGGRESSIVE;
				CLANG_CXX_LANGUAGE_STANDARD = "gnu++20";
				CLANG_ENABLE_MODULES = YES;
				CLANG_ENABLE_OBJC_ARC = YES;
				CLANG_ENABLE_OBJC_WEAK = YES;
				CLANG_WARN_BLOCK_CAPTURE_AUTORELEASING = YES;
				CLANG_WARN_BOOL_CONVERSION = YES;
				CLANG_WARN_COMMA = YES;
				CLANG_WARN_CONSTANT_CONVERSION = YES;
				CLANG_WARN_DEPRECATED_OBJC_IMPLEMENTATIONS = YES;
				CLANG_WARN_DIRECT_OBJC_ISA_USAGE = YES_ERROR;
				CLANG_WARN_DOCUMENTATION_COMMENTS = YES;
				CLANG_WARN_EMPTY_BODY = YES;
				CLANG_WARN_ENUM_CONVERSION = YES;
				CLANG_WARN_INFINITE_RECURSION = YES;
				CLANG_WARN_INT_CONVERSION = YES;
				CLANG_WARN_NON_LITERAL_NULL_CONVERSION = YES;
				CLANG_WARN_OBJC_IMPLICIT_RETAIN_SELF = YES;
				CLANG_WARN_OBJC_LITERAL_CONVERSION = YES;
				CLANG_WARN_OBJC_ROOT_CLASS = YES_ERROR;
				CLANG_WARN_QUOTED_INCLUDE_IN_FRAMEWORK_HEADER = YES;
				CLANG_WARN_RANGE_LOOP_ANALYSIS = YES;
				CLANG_WARN_STRICT_PROTOTYPES = YES;
				CLANG_WARN_SUSPICIOUS_MOVE = YES;
				CLANG_WARN_UNGUARDED_AVAILABILITY = YES_AGGRESSIVE;
				CLANG_WARN_UNREACHABLE_CODE = YES;
				CLANG_WARN__DUPLICATE_METHOD_MATCH = YES;
				COPY_PHASE_STRIP = NO;
				DEBUG_INFORMATION_FORMAT = dwarf;
				ENABLE_STRICT_OBJC_MSGSEND = YES;
				ENABLE_TESTABILITY = YES;
				ENABLE_USER_SCRIPT_SANDBOXING = YES;
				GCC_C_LANGUAGE_STANDARD = gnu11;
				GCC_DYNAMIC_NO_PIC = NO;
				GCC_NO_COMMON_BLOCKS = YES;
				GCC_OPTIMIZATION_LEVEL = 0;
				GCC_PREPROCESSOR_DEFINITIONS = (
					"DEBUG=1",
					"$(inherited)",
				);
				GCC_WARN_64_TO_32_BIT_CONVERSION = YES;
				GCC_WARN_ABOUT_RETURN_TYPE = YES_ERROR;
				GCC_WARN_UNDECLARED_SELECTOR = YES;
				GCC_WARN_UNINITIALIZED_AUTOS = YES_AGGRESSIVE;
				GCC_WARN_UNUSED_FUNCTION = YES;
				GCC_WARN_UNUSED_VARIABLE = YES;
				IPHONEOS_DEPLOYMENT_TARGET = 16.1;
				MTL_ENABLE_DEBUG_INFO = INCLUDE_SOURCE;
				MTL_FAST_MATH = YES;
				ONLY_ACTIVE_ARCH = YES;
				SDKROOT = iphoneos;
				SWIFT_ACTIVE_COMPILATION_CONDITIONS = DEBUG;
				SWIFT_EMIT_LOC_STRINGS = YES;
				SWIFT_OPTIMIZATION_LEVEL = "-Onone";
			};
			name = Debug;
		};
		0691C67A2977D71100295B34 /* Release */ = {
			isa = XCBuildConfiguration;
			buildSettings = {
				ALWAYS_SEARCH_USER_PATHS = NO;
				CLANG_ANALYZER_LOCALIZABILITY_NONLOCALIZED = YES;
				CLANG_ANALYZER_NONNULL = YES;
				CLANG_ANALYZER_NUMBER_OBJECT_CONVERSION = YES_AGGRESSIVE;
				CLANG_CXX_LANGUAGE_STANDARD = "gnu++20";
				CLANG_ENABLE_MODULES = YES;
				CLANG_ENABLE_OBJC_ARC = YES;
				CLANG_ENABLE_OBJC_WEAK = YES;
				CLANG_WARN_BLOCK_CAPTURE_AUTORELEASING = YES;
				CLANG_WARN_BOOL_CONVERSION = YES;
				CLANG_WARN_COMMA = YES;
				CLANG_WARN_CONSTANT_CONVERSION = YES;
				CLANG_WARN_DEPRECATED_OBJC_IMPLEMENTATIONS = YES;
				CLANG_WARN_DIRECT_OBJC_ISA_USAGE = YES_ERROR;
				CLANG_WARN_DOCUMENTATION_COMMENTS = YES;
				CLANG_WARN_EMPTY_BODY = YES;
				CLANG_WARN_ENUM_CONVERSION = YES;
				CLANG_WARN_INFINITE_RECURSION = YES;
				CLANG_WARN_INT_CONVERSION = YES;
				CLANG_WARN_NON_LITERAL_NULL_CONVERSION = YES;
				CLANG_WARN_OBJC_IMPLICIT_RETAIN_SELF = YES;
				CLANG_WARN_OBJC_LITERAL_CONVERSION = YES;
				CLANG_WARN_OBJC_ROOT_CLASS = YES_ERROR;
				CLANG_WARN_QUOTED_INCLUDE_IN_FRAMEWORK_HEADER = YES;
				CLANG_WARN_RANGE_LOOP_ANALYSIS = YES;
				CLANG_WARN_STRICT_PROTOTYPES = YES;
				CLANG_WARN_SUSPICIOUS_MOVE = YES;
				CLANG_WARN_UNGUARDED_AVAILABILITY = YES_AGGRESSIVE;
				CLANG_WARN_UNREACHABLE_CODE = YES;
				CLANG_WARN__DUPLICATE_METHOD_MATCH = YES;
				COPY_PHASE_STRIP = NO;
				DEBUG_INFORMATION_FORMAT = "dwarf-with-dsym";
				ENABLE_NS_ASSERTIONS = NO;
				ENABLE_STRICT_OBJC_MSGSEND = YES;
				ENABLE_USER_SCRIPT_SANDBOXING = YES;
				GCC_C_LANGUAGE_STANDARD = gnu11;
				GCC_NO_COMMON_BLOCKS = YES;
				GCC_WARN_64_TO_32_BIT_CONVERSION = YES;
				GCC_WARN_ABOUT_RETURN_TYPE = YES_ERROR;
				GCC_WARN_UNDECLARED_SELECTOR = YES;
				GCC_WARN_UNINITIALIZED_AUTOS = YES_AGGRESSIVE;
				GCC_WARN_UNUSED_FUNCTION = YES;
				GCC_WARN_UNUSED_VARIABLE = YES;
				IPHONEOS_DEPLOYMENT_TARGET = 16.1;
				MTL_ENABLE_DEBUG_INFO = NO;
				MTL_FAST_MATH = YES;
				SDKROOT = iphoneos;
				SWIFT_COMPILATION_MODE = wholemodule;
				SWIFT_EMIT_LOC_STRINGS = YES;
				SWIFT_OPTIMIZATION_LEVEL = "-O";
				VALIDATE_PRODUCT = YES;
			};
			name = Release;
		};
		0691C67C2977D71100295B34 /* Debug */ = {
			isa = XCBuildConfiguration;
			buildSettings = {
				ASSETCATALOG_COMPILER_APPICON_NAME = AppIcon;
				ASSETCATALOG_COMPILER_GLOBAL_ACCENT_COLOR_NAME = AccentColor;
				CODE_SIGN_STYLE = Automatic;
				CURRENT_PROJECT_VERSION = 1;
				DEVELOPMENT_TEAM = UGFP3W9FTD;
				GENERATE_INFOPLIST_FILE = YES;
				INFOPLIST_FILE = PriceTracker/Info.plist;
				INFOPLIST_KEY_UIApplicationSupportsIndirectInputEvents = YES;
				INFOPLIST_KEY_UILaunchStoryboardName = Main.storyboard;
				INFOPLIST_KEY_UIMainStoryboardFile = Main;
				INFOPLIST_KEY_UISupportedInterfaceOrientations_iPad = "UIInterfaceOrientationPortrait UIInterfaceOrientationPortraitUpsideDown UIInterfaceOrientationLandscapeLeft UIInterfaceOrientationLandscapeRight";
				INFOPLIST_KEY_UISupportedInterfaceOrientations_iPhone = "UIInterfaceOrientationPortrait UIInterfaceOrientationLandscapeLeft UIInterfaceOrientationLandscapeRight";
				LD_RUNPATH_SEARCH_PATHS = (
					"$(inherited)",
					"@executable_path/Frameworks",
				);
				MARKETING_VERSION = 1.0;
				PRODUCT_BUNDLE_IDENTIFIER = com.gom.PriceTracker;
				PRODUCT_NAME = "$(TARGET_NAME)";
				SWIFT_EMIT_LOC_STRINGS = YES;
				SWIFT_VERSION = 5.0;
				TARGETED_DEVICE_FAMILY = "1,2";
			};
			name = Debug;
		};
		0691C67D2977D71100295B34 /* Release */ = {
			isa = XCBuildConfiguration;
			buildSettings = {
				ASSETCATALOG_COMPILER_APPICON_NAME = AppIcon;
				ASSETCATALOG_COMPILER_GLOBAL_ACCENT_COLOR_NAME = AccentColor;
				CODE_SIGN_STYLE = Automatic;
				CURRENT_PROJECT_VERSION = 1;
				DEVELOPMENT_TEAM = UGFP3W9FTD;
				GENERATE_INFOPLIST_FILE = YES;
				INFOPLIST_FILE = PriceTracker/Info.plist;
				INFOPLIST_KEY_UIApplicationSupportsIndirectInputEvents = YES;
				INFOPLIST_KEY_UILaunchStoryboardName = Main.storyboard;
				INFOPLIST_KEY_UIMainStoryboardFile = Main;
				INFOPLIST_KEY_UISupportedInterfaceOrientations_iPad = "UIInterfaceOrientationPortrait UIInterfaceOrientationPortraitUpsideDown UIInterfaceOrientationLandscapeLeft UIInterfaceOrientationLandscapeRight";
				INFOPLIST_KEY_UISupportedInterfaceOrientations_iPhone = "UIInterfaceOrientationPortrait UIInterfaceOrientationLandscapeLeft UIInterfaceOrientationLandscapeRight";
				LD_RUNPATH_SEARCH_PATHS = (
					"$(inherited)",
					"@executable_path/Frameworks",
				);
				MARKETING_VERSION = 1.0;
				PRODUCT_BUNDLE_IDENTIFIER = com.gom.PriceTracker;
				PRODUCT_NAME = "$(TARGET_NAME)";
				SWIFT_EMIT_LOC_STRINGS = YES;
				SWIFT_VERSION = 5.0;
				TARGETED_DEVICE_FAMILY = "1,2";
			};
			name = Release;
		};
		0691C67F2977D71100295B34 /* Debug */ = {
			isa = XCBuildConfiguration;
			buildSettings = {
				BUNDLE_LOADER = "$(TEST_HOST)";
				CODE_SIGN_STYLE = Automatic;
				CURRENT_PROJECT_VERSION = 1;
				DEVELOPMENT_TEAM = UGFP3W9FTD;
				GENERATE_INFOPLIST_FILE = YES;
				IPHONEOS_DEPLOYMENT_TARGET = 16.1;
				MARKETING_VERSION = 1.0;
				PRODUCT_BUNDLE_IDENTIFIER = com.gom.PriceTrackerTests;
				PRODUCT_NAME = "$(TARGET_NAME)";
				SWIFT_EMIT_LOC_STRINGS = NO;
				SWIFT_VERSION = 5.0;
				TARGETED_DEVICE_FAMILY = "1,2";
				TEST_HOST = "$(BUILT_PRODUCTS_DIR)/PriceTracker.app/$(BUNDLE_EXECUTABLE_FOLDER_PATH)/PriceTracker";
			};
			name = Debug;
		};
		0691C6802977D71100295B34 /* Release */ = {
			isa = XCBuildConfiguration;
			buildSettings = {
				BUNDLE_LOADER = "$(TEST_HOST)";
				CODE_SIGN_STYLE = Automatic;
				CURRENT_PROJECT_VERSION = 1;
				DEVELOPMENT_TEAM = UGFP3W9FTD;
				GENERATE_INFOPLIST_FILE = YES;
				IPHONEOS_DEPLOYMENT_TARGET = 16.1;
				MARKETING_VERSION = 1.0;
				PRODUCT_BUNDLE_IDENTIFIER = com.gom.PriceTrackerTests;
				PRODUCT_NAME = "$(TARGET_NAME)";
				SWIFT_EMIT_LOC_STRINGS = NO;
				SWIFT_VERSION = 5.0;
				TARGETED_DEVICE_FAMILY = "1,2";
				TEST_HOST = "$(BUILT_PRODUCTS_DIR)/PriceTracker.app/$(BUNDLE_EXECUTABLE_FOLDER_PATH)/PriceTracker";
			};
			name = Release;
		};
		0691C6822977D71100295B34 /* Debug */ = {
			isa = XCBuildConfiguration;
			buildSettings = {
				CODE_SIGN_STYLE = Automatic;
				CURRENT_PROJECT_VERSION = 1;
				DEVELOPMENT_TEAM = UGFP3W9FTD;
				GENERATE_INFOPLIST_FILE = YES;
				MARKETING_VERSION = 1.0;
				PRODUCT_BUNDLE_IDENTIFIER = com.gom.PriceTrackerUITests;
				PRODUCT_NAME = "$(TARGET_NAME)";
				SWIFT_EMIT_LOC_STRINGS = NO;
				SWIFT_VERSION = 5.0;
				TARGETED_DEVICE_FAMILY = "1,2";
				TEST_TARGET_NAME = PriceTracker;
			};
			name = Debug;
		};
		0691C6832977D71100295B34 /* Release */ = {
			isa = XCBuildConfiguration;
			buildSettings = {
				CODE_SIGN_STYLE = Automatic;
				CURRENT_PROJECT_VERSION = 1;
				DEVELOPMENT_TEAM = UGFP3W9FTD;
				GENERATE_INFOPLIST_FILE = YES;
				MARKETING_VERSION = 1.0;
				PRODUCT_BUNDLE_IDENTIFIER = com.gom.PriceTrackerUITests;
				PRODUCT_NAME = "$(TARGET_NAME)";
				SWIFT_EMIT_LOC_STRINGS = NO;
				SWIFT_VERSION = 5.0;
				TARGETED_DEVICE_FAMILY = "1,2";
				TEST_TARGET_NAME = PriceTracker;
			};
			name = Release;
		};
/* End XCBuildConfiguration section */

/* Begin XCConfigurationList section */
		0691C6492977D71000295B34 /* Build configuration list for PBXProject "PriceTracker" */ = {
			isa = XCConfigurationList;
			buildConfigurations = (
				0691C6792977D71100295B34 /* Debug */,
				0691C67A2977D71100295B34 /* Release */,
			);
			defaultConfigurationIsVisible = 0;
			defaultConfigurationName = Release;
		};
		0691C67B2977D71100295B34 /* Build configuration list for PBXNativeTarget "PriceTracker" */ = {
			isa = XCConfigurationList;
			buildConfigurations = (
				0691C67C2977D71100295B34 /* Debug */,
				0691C67D2977D71100295B34 /* Release */,
			);
			defaultConfigurationIsVisible = 0;
			defaultConfigurationName = Release;
		};
		0691C67E2977D71100295B34 /* Build configuration list for PBXNativeTarget "PriceTrackerTests" */ = {
			isa = XCConfigurationList;
			buildConfigurations = (
				0691C67F2977D71100295B34 /* Debug */,
				0691C6802977D71100295B34 /* Release */,
			);
			defaultConfigurationIsVisible = 0;
			defaultConfigurationName = Release;
		};
		0691C6812977D71100295B34 /* Build configuration list for PBXNativeTarget "PriceTrackerUITests" */ = {
			isa = XCConfigurationList;
			buildConfigurations = (
				0691C6822977D71100295B34 /* Debug */,
				0691C6832977D71100295B34 /* Release */,
			);
			defaultConfigurationIsVisible = 0;
			defaultConfigurationName = Release;
		};
/* End XCConfigurationList section */

/* Begin XCRemoteSwiftPackageReference section */
		06ABB0392CF855E40041C8DC /* XCRemoteSwiftPackageReference "SwiftLint" */ = {
			isa = XCRemoteSwiftPackageReference;
			repositoryURL = "https://github.com/realm/SwiftLint";
			requirement = {
				kind = upToNextMajorVersion;
				minimumVersion = 0.57.1;
			};
		};
/* End XCRemoteSwiftPackageReference section */

/* Begin XCSwiftPackageProductDependency section */
		06ABB03A2CF855F50041C8DC /* SwiftLintBuildToolPlugin */ = {
			isa = XCSwiftPackageProductDependency;
			package = 06ABB0392CF855E40041C8DC /* XCRemoteSwiftPackageReference "SwiftLint" */;
			productName = "plugin:SwiftLintBuildToolPlugin";
		};
/* End XCSwiftPackageProductDependency section */

/* Begin XCVersionGroup section */
		0691C65A2977D71000295B34 /* PriceTracker.xcdatamodeld */ = {
			isa = XCVersionGroup;
			children = (
				0691C65B2977D71000295B34 /* PriceTracker.xcdatamodel */,
			);
			currentVersion = 0691C65B2977D71000295B34 /* PriceTracker.xcdatamodel */;
			path = PriceTracker.xcdatamodeld;
			sourceTree = "<group>";
			versionGroupType = wrapper.xcdatamodel;
		};
/* End XCVersionGroup section */
	};
	rootObject = 0691C6462977D71000295B34 /* Project object */;
}
